
Microsoft Visual Studio Solution File, Format Version 12.00
# Visual Studio Version 16
VisualStudioVersion = 16.0.28917.181
MinimumVisualStudioVersion = 10.0.40219.1
Project("{9A19103F-16F7-4668-BE54-9A1E7A4F7556}") = "FileWatch.Api", "FileWatch.Api\FileWatch.Api.csproj", "{AB6C2144-77B4-4892-8FB9-0B11221F7E14}"
EndProject
Project("{9A19103F-16F7-4668-BE54-9A1E7A4F7556}") = "FileWatcher", "FileWatcher\FileWatcher.csproj", "{1277A995-E952-4FCF-BB80-9247B2DD6550}"
EndProject
Project("{9A19103F-16F7-4668-BE54-9A1E7A4F7556}") = "FileWatch.Models", "FileWatch.Models\FileWatch.Models.csproj", "{307EB0C6-7FC3-4ABB-BDAC-CFC8595422A9}"
EndProject
Project("{9092AA53-FB77-4645-B42D-1CCCA6BD08BD}") = "FileWatch.WebApp", "FileWatch.WebApp\FileWatch.WebApp.njsproj", "{EC70D3E8-8873-4461-8931-33A0AC01180A}"
EndProject
Global
	GlobalSection(SolutionConfigurationPlatforms) = preSolution
		Debug|Any CPU = Debug|Any CPU
		Release|Any CPU = Release|Any CPU
	EndGlobalSection
	GlobalSection(ProjectConfigurationPlatforms) = postSolution
		{AB6C2144-77B4-4892-8FB9-0B11221F7E14}.Debug|Any CPU.ActiveCfg = Debug|Any CPU
		{AB6C2144-77B4-4892-8FB9-0B11221F7E14}.Debug|Any CPU.Build.0 = Debug|Any CPU
		{AB6C2144-77B4-4892-8FB9-0B11221F7E14}.Release|Any CPU.ActiveCfg = Release|Any CPU
		{AB6C2144-77B4-4892-8FB9-0B11221F7E14}.Release|Any CPU.Build.0 = Release|Any CPU
		{1277A995-E952-4FCF-BB80-9247B2DD6550}.Debug|Any CPU.ActiveCfg = Debug|Any CPU
		{1277A995-E952-4FCF-BB80-9247B2DD6550}.Debug|Any CPU.Build.0 = Debug|Any CPU
		{1277A995-E952-4FCF-BB80-9247B2DD6550}.Release|Any CPU.ActiveCfg = Release|Any CPU
		{1277A995-E952-4FCF-BB80-9247B2DD6550}.Release|Any CPU.Build.0 = Release|Any CPU
		{307EB0C6-7FC3-4ABB-BDAC-CFC8595422A9}.Debug|Any CPU.ActiveCfg = Debug|Any CPU
		{307EB0C6-7FC3-4ABB-BDAC-CFC8595422A9}.Debug|Any CPU.Build.0 = Debug|Any CPU
		{307EB0C6-7FC3-4ABB-BDAC-CFC8595422A9}.Release|Any CPU.ActiveCfg = Release|Any CPU
		{307EB0C6-7FC3-4ABB-BDAC-CFC8595422A9}.Release|Any CPU.Build.0 = Release|Any CPU
		{EC70D3E8-8873-4461-8931-33A0AC01180A}.Debug|Any CPU.ActiveCfg = Debug|Any CPU
		{EC70D3E8-8873-4461-8931-33A0AC01180A}.Debug|Any CPU.Build.0 = Debug|Any CPU
		{EC70D3E8-8873-4461-8931-33A0AC01180A}.Release|Any CPU.ActiveCfg = Release|Any CPU
		{EC70D3E8-8873-4461-8931-33A0AC01180A}.Release|Any CPU.Build.0 = Release|Any CPU
	EndGlobalSection
	GlobalSection(SolutionProperties) = preSolution
		HideSolutionNode = FALSE
	EndGlobalSection
	GlobalSection(ExtensibilityGlobals) = postSolution
		SolutionGuid = {1F82A107-5AF9-4008-8094-C03E805FC71C}
	EndGlobalSection
EndGlobal
